{
  "originHash" : "1f06cf3c639532d286c470e81158af666944da378de62a4c136590c22991b051",
  "pins" : [
    {
      "identity" : "stripe-ios-spm",
      "kind" : "remoteSourceControl",
      "location" : "https://github.com/stripe/stripe-ios-spm",
      "state" : {
        "revision" : "db9ec52a0579b42763038f2396de7669f3d363e7",
        "version" : "26.12.1"
      }
    }
  ],
  "version" : 3
}
