{
  "originHash" : "77581fc9b2c3df9d2c0a8e6b672f739a46dd9a2a2ce4760b7e65a7a676f58fc2",
  "pins" : [
    {
      "identity" : "stripe-ios-spm",
      "kind" : "remoteSourceControl",
      "location" : "https://github.com/stripe/stripe-ios-spm",
      "state" : {
        "revision" : "db9ec52a0579b42763038f2396de7669f3d363e7",
        "version" : "26.12.1"
      }
    }
  ],
  "version" : 3
}
