// !$*UTF8*$!
{
	archiveVersion = 1;
	classes = {
	};
	objectVersion = 54;
	objects = {

/* Begin PBXBuildFile section */
		C0FABD7DF1D1B04C24B6E898 /* PosterPush.swift in Sources */ = {isa = PBXBuildFile; fileRef = C0765A919486404C75CE5767 /* PosterPush.swift */; };
		C0A08B1ECFB9BD4E15784AE8 /* MockJobsAPI.swift in Sources */ = {isa = PBXBuildFile; fileRef = C005463F342E009FCA8AF367 /* MockJobsAPI.swift */; };
		C077C166F58068323FBB0EB3 /* JobsAPI.swift in Sources */ = {isa = PBXBuildFile; fileRef = C0B58AD39BE0102A02761320 /* JobsAPI.swift */; };
		C05ECDBA3AAE4FCABB4BF321 /* BackendJobsAPI.swift in Sources */ = {isa = PBXBuildFile; fileRef = C0B167C203712C4E4548A150 /* BackendJobsAPI.swift */; };
		C0621BFB12AD31AA08DB2341 /* PosterStore.swift in Sources */ = {isa = PBXBuildFile; fileRef = C01D52133388C66946BDE3DB /* PosterStore.swift */; };
		C04BF1AEE55961E8A8C14DD9 /* PostedJobDetailView.swift in Sources */ = {isa = PBXBuildFile; fileRef = C08B4C1F3E185896110EDEC1 /* PostedJobDetailView.swift */; };
		C01D31E4842770DEE4B8D010 /* LocationPicker.swift in Sources */ = {isa = PBXBuildFile; fileRef = C0B510A9B989BA3E9D2BED95 /* LocationPicker.swift */; };
		C063AA21C90391028ADDEFDA /* LiveReviewProofView.swift in Sources */ = {isa = PBXBuildFile; fileRef = C028826A943F54585B66E656 /* LiveReviewProofView.swift */; };
		C0E854AF2B33C9ABB08F2FE6 /* DisputeSheet.swift in Sources */ = {isa = PBXBuildFile; fileRef = C02F085446A36585D431EBCA /* DisputeSheet.swift */; };
		C08FEB115A7BE695C61FB03C /* RateWorkerCard.swift in Sources */ = {isa = PBXBuildFile; fileRef = C02843E421DAC584DB3C2101 /* RateWorkerCard.swift */; };
		C0541A4A341F884DE3474494 /* JobDisplay.swift in Sources */ = {isa = PBXBuildFile; fileRef = C05A9A4077CBC7B5643495B6 /* JobDisplay.swift */; };
		C07DF502099E40F2E072683B /* PostedJob.swift in Sources */ = {isa = PBXBuildFile; fileRef = C0BBF9B90D077FB603668977 /* PostedJob.swift */; };
		0BFBABD98AF3B1B0E44A71E2 /* CreateJobView.swift in Sources */ = {isa = PBXBuildFile; fileRef = 7F611717A4A9F0276C3E9675 /* CreateJobView.swift */; };
		1506E89A595E9BD62C89C674 /* Assets.xcassets in Resources */ = {isa = PBXBuildFile; fileRef = 00653F176E5F56A7F9330976 /* Assets.xcassets */; };
		27A55C706B72D4F97913F92B /* BountyApp.swift in Sources */ = {isa = PBXBuildFile; fileRef = 97B75E78AC19B705475CC363 /* BountyApp.swift */; };
		34D8FC0D39B9BDA019E2486B /* BountyTheme.swift in Sources */ = {isa = PBXBuildFile; fileRef = 35CE03AB2F0785B5586A1119 /* BountyTheme.swift */; };
		3E079D1C27E6C781A1F698AE /* WorkViews.swift in Sources */ = {isa = PBXBuildFile; fileRef = 5DA3B29F599F6FBA66D82AAA /* WorkViews.swift */; };
		495A213982B7EC87F9AE6604 /* OnboardingView.swift in Sources */ = {isa = PBXBuildFile; fileRef = 1406EF46384922539D8BA3BC /* OnboardingView.swift */; };
		5B1B545EBF77BA68176EAC68 /* JobsView.swift in Sources */ = {isa = PBXBuildFile; fileRef = 0CC90A7ACD84995DB726CAAA /* JobsView.swift */; };
		5E9F407B368D43CF613B0AF1 /* OfferViews.swift in Sources */ = {isa = PBXBuildFile; fileRef = 3603C166E2B033C894391DD7 /* OfferViews.swift */; };
		691999A29A6A649083EE701E /* TwinView.swift in Sources */ = {isa = PBXBuildFile; fileRef = 639DA50C5ED17C063F385A8F /* TwinView.swift */; };
		78AB2F56177B8016949DA2C6 /* RootTabView.swift in Sources */ = {isa = PBXBuildFile; fileRef = 0E62E1AB9621E26837315559 /* RootTabView.swift */; };
		85B63159010D69B7AE220FF5 /* AppRouter.swift in Sources */ = {isa = PBXBuildFile; fileRef = EBA4291A1097864BCB54653E /* AppRouter.swift */; };
		8F0C271BA61342672BB08AF3 /* PushNotificationManager.swift in Sources */ = {isa = PBXBuildFile; fileRef = 54627BC3FF0C2B627F7E9D8B /* PushNotificationManager.swift */; };
		996275D656B1EA3C36741893 /* DebugLaunch.swift in Sources */ = {isa = PBXBuildFile; fileRef = C9A15692336B82CDFFD4D2BF /* DebugLaunch.swift */; };
		9B904262EAE32B2FE36D5962 /* Components.swift in Sources */ = {isa = PBXBuildFile; fileRef = 11805AC99C87391587016471 /* Components.swift */; };
		A260AAD49C3DC621DAB28FBF /* HomeView.swift in Sources */ = {isa = PBXBuildFile; fileRef = 5A659F3622D8C9A9C448F582 /* HomeView.swift */; };
		D2935B4C128BA8403A9A6F7A /* AppServices.swift in Sources */ = {isa = PBXBuildFile; fileRef = 97535FC0C25668325DA5E484 /* AppServices.swift */; };
		E77F4702B825C686E26EE94D /* BountyScreen.swift in Sources */ = {isa = PBXBuildFile; fileRef = 350B074C9ED028478228FAEF /* BountyScreen.swift */; };
		ED44C175F43DBF6E9510D01B /* Motion.swift in Sources */ = {isa = PBXBuildFile; fileRef = 0B7E2F09CDF905685D922897 /* Motion.swift */; };
		EEA12735F082E2CC54C7B4F0 /* EarningsView.swift in Sources */ = {isa = PBXBuildFile; fileRef = 125590A634C7CB2F1390755A /* EarningsView.swift */; };
		F5B1419706DA28BA5C504DB1 /* Job.swift in Sources */ = {isa = PBXBuildFile; fileRef = FDEE0685875FF28B9B991034 /* Job.swift */; };
		F60EC55A8E92B9A8A66F0C4D /* TwinKit in Frameworks */ = {isa = PBXBuildFile; productRef = 58A11A2658EE3AFE68C27C79 /* TwinKit */; };
		A10000000000000000000001 /* PaymentCheckoutView.swift in Sources */ = {isa = PBXBuildFile; fileRef = A10000000000000000000002 /* PaymentCheckoutView.swift */; };
		A10000000000000000000003 /* StripePaymentSheet in Frameworks */ = {isa = PBXBuildFile; productRef = A10000000000000000000004 /* StripePaymentSheet */; };
		BD0000000000000000000001 /* PostDraft.swift in Sources */ = {isa = PBXBuildFile; fileRef = BD0000000000000000000002 /* PostDraft.swift */; };
/* End PBXBuildFile section */

/* Begin PBXFileReference section */
		C0765A919486404C75CE5767 /* PosterPush.swift */ = {isa = PBXFileReference; lastKnownFileType = sourcecode.swift; path = PosterPush.swift; sourceTree = "<group>"; };
		C005463F342E009FCA8AF367 /* MockJobsAPI.swift */ = {isa = PBXFileReference; lastKnownFileType = sourcecode.swift; path = MockJobsAPI.swift; sourceTree = "<group>"; };
		C0B58AD39BE0102A02761320 /* JobsAPI.swift */ = {isa = PBXFileReference; lastKnownFileType = sourcecode.swift; path = JobsAPI.swift; sourceTree = "<group>"; };
		C0B167C203712C4E4548A150 /* BackendJobsAPI.swift */ = {isa = PBXFileReference; lastKnownFileType = sourcecode.swift; path = BackendJobsAPI.swift; sourceTree = "<group>"; };
		C01D52133388C66946BDE3DB /* PosterStore.swift */ = {isa = PBXFileReference; lastKnownFileType = sourcecode.swift; path = PosterStore.swift; sourceTree = "<group>"; };
		C08B4C1F3E185896110EDEC1 /* PostedJobDetailView.swift */ = {isa = PBXFileReference; lastKnownFileType = sourcecode.swift; path = PostedJobDetailView.swift; sourceTree = "<group>"; };
		C0B510A9B989BA3E9D2BED95 /* LocationPicker.swift */ = {isa = PBXFileReference; lastKnownFileType = sourcecode.swift; path = LocationPicker.swift; sourceTree = "<group>"; };
		C028826A943F54585B66E656 /* LiveReviewProofView.swift */ = {isa = PBXFileReference; lastKnownFileType = sourcecode.swift; path = LiveReviewProofView.swift; sourceTree = "<group>"; };
		C02F085446A36585D431EBCA /* DisputeSheet.swift */ = {isa = PBXFileReference; lastKnownFileType = sourcecode.swift; path = DisputeSheet.swift; sourceTree = "<group>"; };
		C02843E421DAC584DB3C2101 /* RateWorkerCard.swift */ = {isa = PBXFileReference; lastKnownFileType = sourcecode.swift; path = RateWorkerCard.swift; sourceTree = "<group>"; };
		C05A9A4077CBC7B5643495B6 /* JobDisplay.swift */ = {isa = PBXFileReference; lastKnownFileType = sourcecode.swift; path = JobDisplay.swift; sourceTree = "<group>"; };
		C0BBF9B90D077FB603668977 /* PostedJob.swift */ = {isa = PBXFileReference; lastKnownFileType = sourcecode.swift; path = PostedJob.swift; sourceTree = "<group>"; };
		A1000000000000000000000B /* ApplePay.entitlements */ = {isa = PBXFileReference; lastKnownFileType = text.plist.entitlements; path = ApplePay.entitlements; sourceTree = "<group>"; };
		00653F176E5F56A7F9330976 /* Assets.xcassets */ = {isa = PBXFileReference; lastKnownFileType = folder.assetcatalog; path = Assets.xcassets; sourceTree = "<group>"; };
		0B7E2F09CDF905685D922897 /* Motion.swift */ = {isa = PBXFileReference; lastKnownFileType = sourcecode.swift; path = Motion.swift; sourceTree = "<group>"; };
		0CC90A7ACD84995DB726CAAA /* JobsView.swift */ = {isa = PBXFileReference; lastKnownFileType = sourcecode.swift; path = JobsView.swift; sourceTree = "<group>"; };
		0E62E1AB9621E26837315559 /* RootTabView.swift */ = {isa = PBXFileReference; lastKnownFileType = sourcecode.swift; path = RootTabView.swift; sourceTree = "<group>"; };
		11805AC99C87391587016471 /* Components.swift */ = {isa = PBXFileReference; lastKnownFileType = sourcecode.swift; path = Components.swift; sourceTree = "<group>"; };
		125590A634C7CB2F1390755A /* EarningsView.swift */ = {isa = PBXFileReference; lastKnownFileType = sourcecode.swift; path = EarningsView.swift; sourceTree = "<group>"; };
		1406EF46384922539D8BA3BC /* OnboardingView.swift */ = {isa = PBXFileReference; lastKnownFileType = sourcecode.swift; path = OnboardingView.swift; sourceTree = "<group>"; };
		2C1D3B1A55C4BCEE3995A847 /* TwinKit */ = {isa = PBXFileReference; lastKnownFileType = folder; name = TwinKit; path = Packages/TwinKit; sourceTree = SOURCE_ROOT; };
		350B074C9ED028478228FAEF /* BountyScreen.swift */ = {isa = PBXFileReference; lastKnownFileType = sourcecode.swift; path = BountyScreen.swift; sourceTree = "<group>"; };
		35CE03AB2F0785B5586A1119 /* BountyTheme.swift */ = {isa = PBXFileReference; lastKnownFileType = sourcecode.swift; path = BountyTheme.swift; sourceTree = "<group>"; };
		3603C166E2B033C894391DD7 /* OfferViews.swift */ = {isa = PBXFileReference; lastKnownFileType = sourcecode.swift; path = OfferViews.swift; sourceTree = "<group>"; };
		503631805F959F666BF7DB21 /* Info.plist */ = {isa = PBXFileReference; lastKnownFileType = text.plist; path = Info.plist; sourceTree = "<group>"; };
		54627BC3FF0C2B627F7E9D8B /* PushNotificationManager.swift */ = {isa = PBXFileReference; lastKnownFileType = sourcecode.swift; path = PushNotificationManager.swift; sourceTree = "<group>"; };
		5A659F3622D8C9A9C448F582 /* HomeView.swift */ = {isa = PBXFileReference; lastKnownFileType = sourcecode.swift; path = HomeView.swift; sourceTree = "<group>"; };
		5DA3B29F599F6FBA66D82AAA /* WorkViews.swift */ = {isa = PBXFileReference; lastKnownFileType = sourcecode.swift; path = WorkViews.swift; sourceTree = "<group>"; };
		639DA50C5ED17C063F385A8F /* TwinView.swift */ = {isa = PBXFileReference; lastKnownFileType = sourcecode.swift; path = TwinView.swift; sourceTree = "<group>"; };
		7F611717A4A9F0276C3E9675 /* CreateJobView.swift */ = {isa = PBXFileReference; lastKnownFileType = sourcecode.swift; path = CreateJobView.swift; sourceTree = "<group>"; };
		97535FC0C25668325DA5E484 /* AppServices.swift */ = {isa = PBXFileReference; lastKnownFileType = sourcecode.swift; path = AppServices.swift; sourceTree = "<group>"; };
		97B75E78AC19B705475CC363 /* BountyApp.swift */ = {isa = PBXFileReference; lastKnownFileType = sourcecode.swift; path = BountyApp.swift; sourceTree = "<group>"; };
		B67D53F052CE5224398EF8F6 /* Bounty.entitlements */ = {isa = PBXFileReference; lastKnownFileType = text.plist.entitlements; path = Bounty.entitlements; sourceTree = "<group>"; };
		C9A15692336B82CDFFD4D2BF /* DebugLaunch.swift */ = {isa = PBXFileReference; lastKnownFileType = sourcecode.swift; path = DebugLaunch.swift; sourceTree = "<group>"; };
		EBA4291A1097864BCB54653E /* AppRouter.swift */ = {isa = PBXFileReference; lastKnownFileType = sourcecode.swift; path = AppRouter.swift; sourceTree = "<group>"; };
		EF3E583821FF7F355811EAC9 /* Bounty.app */ = {isa = PBXFileReference; includeInIndex = 0; lastKnownFileType = wrapper.application; path = Bounty.app; sourceTree = BUILT_PRODUCTS_DIR; };
		FDEE0685875FF28B9B991034 /* Job.swift */ = {isa = PBXFileReference; lastKnownFileType = sourcecode.swift; path = Job.swift; sourceTree = "<group>"; };
		A10000000000000000000002 /* PaymentCheckoutView.swift */ = {isa = PBXFileReference; lastKnownFileType = sourcecode.swift; path = PaymentCheckoutView.swift; sourceTree = "<group>"; };
		A10000000000000000000008 /* Debug.xcconfig */ = {isa = PBXFileReference; lastKnownFileType = text.xcconfig; path = Debug.xcconfig; sourceTree = "<group>"; };
		A10000000000000000000009 /* Release.xcconfig */ = {isa = PBXFileReference; lastKnownFileType = text.xcconfig; path = Release.xcconfig; sourceTree = "<group>"; };
		BD0000000000000000000002 /* PostDraft.swift */ = {isa = PBXFileReference; lastKnownFileType = sourcecode.swift; path = PostDraft.swift; sourceTree = "<group>"; };
/* End PBXFileReference section */

/* Begin PBXFrameworksBuildPhase section */
		F9483A308D0E671F2026C6ED /* Frameworks */ = {
			isa = PBXFrameworksBuildPhase;
			buildActionMask = 2147483647;
			files = (
				F60EC55A8E92B9A8A66F0C4D /* TwinKit in Frameworks */,
				A10000000000000000000003 /* StripePaymentSheet in Frameworks */,
			);
			runOnlyForDeploymentPostprocessing = 0;
		};
/* End PBXFrameworksBuildPhase section */

/* Begin PBXGroup section */
		C0DC0035A4737DB72003AC3C /* Services */ = {
			isa = PBXGroup;
			children = (
				C005463F342E009FCA8AF367 /* MockJobsAPI.swift */,
				C0B58AD39BE0102A02761320 /* JobsAPI.swift */,
				C0B167C203712C4E4548A150 /* BackendJobsAPI.swift */,
			);
			path = Services;
			sourceTree = "<group>";
		};
		0A402854BB9C2234CA090DE6 /* Twin */ = {
			isa = PBXGroup;
			children = (
				639DA50C5ED17C063F385A8F /* TwinView.swift */,
			);
			path = Twin;
			sourceTree = "<group>";
		};
		0ACAEBBA700E99E7E07D0A61 /* App */ = {
			isa = PBXGroup;
			children = (
				EBA4291A1097864BCB54653E /* AppRouter.swift */,
				97535FC0C25668325DA5E484 /* AppServices.swift */,
				97B75E78AC19B705475CC363 /* BountyApp.swift */,
				C9A15692336B82CDFFD4D2BF /* DebugLaunch.swift */,
				54627BC3FF0C2B627F7E9D8B /* PushNotificationManager.swift */,
				0E62E1AB9621E26837315559 /* RootTabView.swift */,
			);
			path = App;
			sourceTree = "<group>";
		};
		149A53991D098BD0D3EC7BE0 /* Offer */ = {
			isa = PBXGroup;
			children = (
				3603C166E2B033C894391DD7 /* OfferViews.swift */,
			);
			path = Offer;
			sourceTree = "<group>";
		};
		14CAADA9C42464F5656FD4C9 /* Products */ = {
			isa = PBXGroup;
			children = (
				EF3E583821FF7F355811EAC9 /* Bounty.app */,
			);
			name = Products;
			sourceTree = "<group>";
		};
		31D185DA9D3C2251ADBCED05 /* Bounty */ = {
			isa = PBXGroup;
			children = (
				C0DC0035A4737DB72003AC3C /* Services */,
				B67D53F052CE5224398EF8F6 /* Bounty.entitlements */,
				503631805F959F666BF7DB21 /* Info.plist */,
				0ACAEBBA700E99E7E07D0A61 /* App */,
				7235CD2904B243EEAF06B4A9 /* Design */,
				4FB8CB37CE0CB59DA1DD6786 /* Features */,
				C641E77F3707AFA884A49491 /* Models */,
				8382A70192A562C64ED9AFA4 /* Resources */,
			);
			path = Bounty;
			sourceTree = "<group>";
		};
		4FB8CB37CE0CB59DA1DD6786 /* Features */ = {
			isa = PBXGroup;
			children = (
				87353BBFCE883984368AAEF3 /* Earnings */,
				8DCB9BF0F2F5DC47728B63E3 /* Home */,
				6A1FEA9FB35AF085D854E2F8 /* Jobs */,
				149A53991D098BD0D3EC7BE0 /* Offer */,
				7F77BC463CD3211AB38051C5 /* Onboarding */,
				B1412E7AEF0697DD3B63290D /* Post */,
				0A402854BB9C2234CA090DE6 /* Twin */,
				637DD341A0BD6B614CE087F1 /* Work */,
			);
			path = Features;
			sourceTree = "<group>";
		};
		637DD341A0BD6B614CE087F1 /* Work */ = {
			isa = PBXGroup;
			children = (
				5DA3B29F599F6FBA66D82AAA /* WorkViews.swift */,
			);
			path = Work;
			sourceTree = "<group>";
		};
		6390ED63261F50D839F4A443 = {
			isa = PBXGroup;
			children = (
				A1000000000000000000000A /* Config */,
				31D185DA9D3C2251ADBCED05 /* Bounty */,
				9B382C510A78CB24D8367F76 /* Packages */,
				14CAADA9C42464F5656FD4C9 /* Products */,
			);
			sourceTree = "<group>";
		};
		6A1FEA9FB35AF085D854E2F8 /* Jobs */ = {
			isa = PBXGroup;
			children = (
				0CC90A7ACD84995DB726CAAA /* JobsView.swift */,
			);
			path = Jobs;
			sourceTree = "<group>";
		};
		7235CD2904B243EEAF06B4A9 /* Design */ = {
			isa = PBXGroup;
			children = (
				350B074C9ED028478228FAEF /* BountyScreen.swift */,
				35CE03AB2F0785B5586A1119 /* BountyTheme.swift */,
				11805AC99C87391587016471 /* Components.swift */,
				0B7E2F09CDF905685D922897 /* Motion.swift */,
			);
			path = Design;
			sourceTree = "<group>";
		};
		7F77BC463CD3211AB38051C5 /* Onboarding */ = {
			isa = PBXGroup;
			children = (
				1406EF46384922539D8BA3BC /* OnboardingView.swift */,
			);
			path = Onboarding;
			sourceTree = "<group>";
		};
		8382A70192A562C64ED9AFA4 /* Resources */ = {
			isa = PBXGroup;
			children = (
				00653F176E5F56A7F9330976 /* Assets.xcassets */,
			);
			path = Resources;
			sourceTree = "<group>";
		};
		87353BBFCE883984368AAEF3 /* Earnings */ = {
			isa = PBXGroup;
			children = (
				125590A634C7CB2F1390755A /* EarningsView.swift */,
			);
			path = Earnings;
			sourceTree = "<group>";
		};
		8DCB9BF0F2F5DC47728B63E3 /* Home */ = {
			isa = PBXGroup;
			children = (
				5A659F3622D8C9A9C448F582 /* HomeView.swift */,
			);
			path = Home;
			sourceTree = "<group>";
		};
		9B382C510A78CB24D8367F76 /* Packages */ = {
			isa = PBXGroup;
			children = (
				2C1D3B1A55C4BCEE3995A847 /* TwinKit */,
			);
			path = Packages;
			sourceTree = "<group>";
		};
		B1412E7AEF0697DD3B63290D /* Post */ = {
			isa = PBXGroup;
			children = (
				C0765A919486404C75CE5767 /* PosterPush.swift */,
				C01D52133388C66946BDE3DB /* PosterStore.swift */,
				C08B4C1F3E185896110EDEC1 /* PostedJobDetailView.swift */,
				C0B510A9B989BA3E9D2BED95 /* LocationPicker.swift */,
				C028826A943F54585B66E656 /* LiveReviewProofView.swift */,
				C02F085446A36585D431EBCA /* DisputeSheet.swift */,
				C02843E421DAC584DB3C2101 /* RateWorkerCard.swift */,
				7F611717A4A9F0276C3E9675 /* CreateJobView.swift */,
				A10000000000000000000002 /* PaymentCheckoutView.swift */,
				BD0000000000000000000002 /* PostDraft.swift */,
			);
			path = Post;
			sourceTree = "<group>";
		};
		C641E77F3707AFA884A49491 /* Models */ = {
			isa = PBXGroup;
			children = (
				C05A9A4077CBC7B5643495B6 /* JobDisplay.swift */,
				C0BBF9B90D077FB603668977 /* PostedJob.swift */,
				FDEE0685875FF28B9B991034 /* Job.swift */,
			);
			path = Models;
			sourceTree = "<group>";
		};
		A1000000000000000000000A /* Config */ = {
			isa = PBXGroup;
			children = (
				A10000000000000000000008 /* Debug.xcconfig */,
				A10000000000000000000009 /* Release.xcconfig */,
				A1000000000000000000000B /* ApplePay.entitlements */,
			);
			path = Config;
			sourceTree = "<group>";
		};
/* End PBXGroup section */

/* Begin PBXNativeTarget section */
		4E1E8CB3C8969962F03504E6 /* Bounty */ = {
			isa = PBXNativeTarget;
			buildConfigurationList = 6AE01037BF3CC444E4699D3B /* Build configuration list for PBXNativeTarget "Bounty" */;
			buildPhases = (
				C993DA9255A88FA5CB5ED6E9 /* Sources */,
				D16124D811F63A0A9DAB6D93 /* Resources */,
				F9483A308D0E671F2026C6ED /* Frameworks */,
			);
			buildRules = (
			);
			dependencies = (
			);
			name = Bounty;
			packageProductDependencies = (
				58A11A2658EE3AFE68C27C79 /* TwinKit */,
				A10000000000000000000004 /* StripePaymentSheet */,
			);
			productName = Bounty;
			productReference = EF3E583821FF7F355811EAC9 /* Bounty.app */;
			productType = "com.apple.product-type.application";
		};
/* End PBXNativeTarget section */

/* Begin PBXProject section */
		209C86035F696DCD6A8B3A57 /* Project object */ = {
			isa = PBXProject;
			attributes = {
				BuildIndependentTargetsInParallel = YES;
				LastUpgradeCheck = 1430;
				TargetAttributes = {
					4E1E8CB3C8969962F03504E6 = {
						DevelopmentTeam = DVX8YZ9GG9;
						ProvisioningStyle = Automatic;
					};
				};
			};
			buildConfigurationList = A8A1A28B7C4E5735EB761692 /* Build configuration list for PBXProject "Bounty" */;
			compatibilityVersion = "Xcode 14.0";
			developmentRegion = en;
			hasScannedForEncodings = 0;
			knownRegions = (
				Base,
				en,
			);
			mainGroup = 6390ED63261F50D839F4A443;
			minimizedProjectReferenceProxies = 1;
			packageReferences = (
				69A3EBA9E352469FFF140541 /* XCLocalSwiftPackageReference "Packages/TwinKit" */,
				A10000000000000000000005 /* XCRemoteSwiftPackageReference "stripe-ios-spm" */,
			);
			preferredProjectObjectVersion = 54;
			projectDirPath = "";
			projectRoot = "";
			targets = (
				4E1E8CB3C8969962F03504E6 /* Bounty */,
			);
		};
/* End PBXProject section */

/* Begin PBXResourcesBuildPhase section */
		D16124D811F63A0A9DAB6D93 /* Resources */ = {
			isa = PBXResourcesBuildPhase;
			buildActionMask = 2147483647;
			files = (
				1506E89A595E9BD62C89C674 /* Assets.xcassets in Resources */,
			);
			runOnlyForDeploymentPostprocessing = 0;
		};
/* End PBXResourcesBuildPhase section */

/* Begin PBXSourcesBuildPhase section */
		C993DA9255A88FA5CB5ED6E9 /* Sources */ = {
			isa = PBXSourcesBuildPhase;
			buildActionMask = 2147483647;
			files = (
				85B63159010D69B7AE220FF5 /* AppRouter.swift in Sources */,
				A10000000000000000000001 /* PaymentCheckoutView.swift in Sources */,
				BD0000000000000000000001 /* PostDraft.swift in Sources */,
				D2935B4C128BA8403A9A6F7A /* AppServices.swift in Sources */,
				27A55C706B72D4F97913F92B /* BountyApp.swift in Sources */,
				E77F4702B825C686E26EE94D /* BountyScreen.swift in Sources */,
				34D8FC0D39B9BDA019E2486B /* BountyTheme.swift in Sources */,
				9B904262EAE32B2FE36D5962 /* Components.swift in Sources */,
				0BFBABD98AF3B1B0E44A71E2 /* CreateJobView.swift in Sources */,
				996275D656B1EA3C36741893 /* DebugLaunch.swift in Sources */,
				EEA12735F082E2CC54C7B4F0 /* EarningsView.swift in Sources */,
				A260AAD49C3DC621DAB28FBF /* HomeView.swift in Sources */,
				F5B1419706DA28BA5C504DB1 /* Job.swift in Sources */,
				C0FABD7DF1D1B04C24B6E898 /* PosterPush.swift in Sources */,
				C0A08B1ECFB9BD4E15784AE8 /* MockJobsAPI.swift in Sources */,
				C077C166F58068323FBB0EB3 /* JobsAPI.swift in Sources */,
				C05ECDBA3AAE4FCABB4BF321 /* BackendJobsAPI.swift in Sources */,
				C0621BFB12AD31AA08DB2341 /* PosterStore.swift in Sources */,
				C04BF1AEE55961E8A8C14DD9 /* PostedJobDetailView.swift in Sources */,
				C01D31E4842770DEE4B8D010 /* LocationPicker.swift in Sources */,
				C063AA21C90391028ADDEFDA /* LiveReviewProofView.swift in Sources */,
				C0E854AF2B33C9ABB08F2FE6 /* DisputeSheet.swift in Sources */,
				C08FEB115A7BE695C61FB03C /* RateWorkerCard.swift in Sources */,
				C0541A4A341F884DE3474494 /* JobDisplay.swift in Sources */,
				C07DF502099E40F2E072683B /* PostedJob.swift in Sources */,
				5B1B545EBF77BA68176EAC68 /* JobsView.swift in Sources */,
				ED44C175F43DBF6E9510D01B /* Motion.swift in Sources */,
				5E9F407B368D43CF613B0AF1 /* OfferViews.swift in Sources */,
				495A213982B7EC87F9AE6604 /* OnboardingView.swift in Sources */,
				8F0C271BA61342672BB08AF3 /* PushNotificationManager.swift in Sources */,
				78AB2F56177B8016949DA2C6 /* RootTabView.swift in Sources */,
				691999A29A6A649083EE701E /* TwinView.swift in Sources */,
				3E079D1C27E6C781A1F698AE /* WorkViews.swift in Sources */,
			);
			runOnlyForDeploymentPostprocessing = 0;
		};
/* End PBXSourcesBuildPhase section */

/* Begin XCBuildConfiguration section */
		342FE7AA4E463D44F67F96EB /* Debug */ = {
			isa = XCBuildConfiguration;
			buildSettings = {
				ALWAYS_SEARCH_USER_PATHS = NO;
				CODE_SIGN_STYLE = Automatic;
				CURRENT_PROJECT_VERSION = 1;
				DEVELOPMENT_TEAM = DVX8YZ9GG9;
				IPHONEOS_DEPLOYMENT_TARGET = 17.0;
				MARKETING_VERSION = 1.0;
				ONLY_ACTIVE_ARCH = YES;
				SDKROOT = iphoneos;
				SWIFT_ACTIVE_COMPILATION_CONDITIONS = DEBUG;
				SWIFT_STRICT_CONCURRENCY = complete;
				SWIFT_VERSION = 6.0;
			};
			name = Debug;
		};
		5E850E3B6F5BC9E925470F90 /* Release */ = {
			isa = XCBuildConfiguration;
			baseConfigurationReference = A10000000000000000000009 /* Release.xcconfig */;
			buildSettings = {
				ASSETCATALOG_COMPILER_APPICON_NAME = AppIcon;
				ASSETCATALOG_COMPILER_GLOBAL_ACCENT_COLOR_NAME = AccentColor;
				CODE_SIGN_ENTITLEMENTS = "$(BOUNTY_CODE_SIGN_ENTITLEMENTS)";
				GENERATE_INFOPLIST_FILE = NO;
				INFOPLIST_FILE = Bounty/Info.plist;
				PRODUCT_BUNDLE_IDENTIFIER = com.alanroybal.BountyTwin;
				PRODUCT_NAME = Bounty;
				TARGETED_DEVICE_FAMILY = 1;
			};
			name = Release;
		};
		8F2383395277C5B2EA3E06E5 /* Release */ = {
			isa = XCBuildConfiguration;
			buildSettings = {
				ALWAYS_SEARCH_USER_PATHS = NO;
				CODE_SIGN_STYLE = Automatic;
				CURRENT_PROJECT_VERSION = 1;
				DEVELOPMENT_TEAM = DVX8YZ9GG9;
				IPHONEOS_DEPLOYMENT_TARGET = 17.0;
				MARKETING_VERSION = 1.0;
				SDKROOT = iphoneos;
				SWIFT_STRICT_CONCURRENCY = complete;
				SWIFT_VERSION = 6.0;
			};
			name = Release;
		};
		D94DD693020319A705ACC3B7 /* Debug */ = {
			isa = XCBuildConfiguration;
			baseConfigurationReference = A10000000000000000000008 /* Debug.xcconfig */;
			buildSettings = {
				ASSETCATALOG_COMPILER_APPICON_NAME = AppIcon;
				ASSETCATALOG_COMPILER_GLOBAL_ACCENT_COLOR_NAME = AccentColor;
				CODE_SIGN_ENTITLEMENTS = "$(BOUNTY_CODE_SIGN_ENTITLEMENTS)";
				GENERATE_INFOPLIST_FILE = NO;
				INFOPLIST_FILE = Bounty/Info.plist;
				PRODUCT_BUNDLE_IDENTIFIER = com.alanroybal.BountyTwin;
				PRODUCT_NAME = Bounty;
				TARGETED_DEVICE_FAMILY = 1;
			};
			name = Debug;
		};
/* End XCBuildConfiguration section */

/* Begin XCConfigurationList section */
		6AE01037BF3CC444E4699D3B /* Build configuration list for PBXNativeTarget "Bounty" */ = {
			isa = XCConfigurationList;
			buildConfigurations = (
				D94DD693020319A705ACC3B7 /* Debug */,
				5E850E3B6F5BC9E925470F90 /* Release */,
			);
			defaultConfigurationIsVisible = 0;
			defaultConfigurationName = Debug;
		};
		A8A1A28B7C4E5735EB761692 /* Build configuration list for PBXProject "Bounty" */ = {
			isa = XCConfigurationList;
			buildConfigurations = (
				342FE7AA4E463D44F67F96EB /* Debug */,
				8F2383395277C5B2EA3E06E5 /* Release */,
			);
			defaultConfigurationIsVisible = 0;
			defaultConfigurationName = Debug;
		};
/* End XCConfigurationList section */

/* Begin XCLocalSwiftPackageReference section */
		69A3EBA9E352469FFF140541 /* XCLocalSwiftPackageReference "Packages/TwinKit" */ = {
			isa = XCLocalSwiftPackageReference;
			relativePath = Packages/TwinKit;
		};
/* End XCLocalSwiftPackageReference section */

/* Begin XCRemoteSwiftPackageReference section */
		A10000000000000000000005 /* XCRemoteSwiftPackageReference "stripe-ios-spm" */ = {
			isa = XCRemoteSwiftPackageReference;
			repositoryURL = "https://github.com/stripe/stripe-ios-spm";
			requirement = {
				kind = exactVersion;
				version = 26.12.1;
			};
		};
/* End XCRemoteSwiftPackageReference section */

/* Begin XCSwiftPackageProductDependency section */
		58A11A2658EE3AFE68C27C79 /* TwinKit */ = {
			isa = XCSwiftPackageProductDependency;
			productName = TwinKit;
		};
		A10000000000000000000004 /* StripePaymentSheet */ = {
			isa = XCSwiftPackageProductDependency;
			package = A10000000000000000000005 /* XCRemoteSwiftPackageReference "stripe-ios-spm" */;
			productName = StripePaymentSheet;
		};
/* End XCSwiftPackageProductDependency section */
	};
	rootObject = 209C86035F696DCD6A8B3A57 /* Project object */;
}
