// !$*UTF8*$!
{
	archiveVersion = 1;
	classes = {
	};
	objectVersion = 54;
	objects = {

/* Begin PBXBuildFile section */
		6496312D65156F11D36D3958 /* CreateJobModel.swift in Sources */ = {isa = PBXBuildFile; fileRef = 05297597F712CB7BEE4FF1C8 /* CreateJobModel.swift */; };
		58C1E1D173B5D147E17736DD /* PosterPhotosSection.swift in Sources */ = {isa = PBXBuildFile; fileRef = 95A5244168E4FC5058C3BBA1 /* PosterPhotosSection.swift */; };
		FF9DE7BD6BC79FF45234F8A6 /* LocationPicker.swift in Sources */ = {isa = PBXBuildFile; fileRef = 4805EAEE9903AC7D17E8FDD4 /* LocationPicker.swift */; };
		553A806BF09C2244A67CA9A8 /* ChecklistEditorView.swift in Sources */ = {isa = PBXBuildFile; fileRef = 4783ACB060970A5B505D6199 /* ChecklistEditorView.swift */; };
		ED7DA4B1CBA016F24B3F11B9 /* SampleJobs.swift in Sources */ = {isa = PBXBuildFile; fileRef = AD38F35E607E5093A6D4C438 /* SampleJobs.swift */; };
		96690A12419AA94486A7471C /* PosterStore.swift in Sources */ = {isa = PBXBuildFile; fileRef = 0F4ADCBB41B9946AE3F7F551 /* PosterStore.swift */; };
		70FE006A95B3F597CB44A7FF /* PostedJobsView.swift in Sources */ = {isa = PBXBuildFile; fileRef = 76C6D14E7D79D8127FB062C0 /* PostedJobsView.swift */; };
		786CF57E83F66DD1532BDD54 /* JobsAPI.swift in Sources */ = {isa = PBXBuildFile; fileRef = 32A61407080B9EB3F9BC18CC /* JobsAPI.swift */; };
		02D8456584A927FF92556474 /* MockJobsAPI.swift in Sources */ = {isa = PBXBuildFile; fileRef = 01DFBB7F8CE71FBE569E3165 /* MockJobsAPI.swift */; };
		0BFBABD98AF3B1B0E44A71E2 /* CreateJobView.swift in Sources */ = {isa = PBXBuildFile; fileRef = 7F611717A4A9F0276C3E9675 /* CreateJobView.swift */; };
		1506E89A595E9BD62C89C674 /* Assets.xcassets in Resources */ = {isa = PBXBuildFile; fileRef = 00653F176E5F56A7F9330976 /* Assets.xcassets */; };
		27A55C706B72D4F97913F92B /* BountyApp.swift in Sources */ = {isa = PBXBuildFile; fileRef = 97B75E78AC19B705475CC363 /* BountyApp.swift */; };
		34D8FC0D39B9BDA019E2486B /* BountyTheme.swift in Sources */ = {isa = PBXBuildFile; fileRef = 35CE03AB2F0785B5586A1119 /* BountyTheme.swift */; };
		495A213982B7EC87F9AE6604 /* OnboardingView.swift in Sources */ = {isa = PBXBuildFile; fileRef = 1406EF46384922539D8BA3BC /* OnboardingView.swift */; };
		5B1B545EBF77BA68176EAC68 /* JobsView.swift in Sources */ = {isa = PBXBuildFile; fileRef = 0CC90A7ACD84995DB726CAAA /* JobsView.swift */; };
		691999A29A6A649083EE701E /* TwinView.swift in Sources */ = {isa = PBXBuildFile; fileRef = 639DA50C5ED17C063F385A8F /* TwinView.swift */; };
		78AB2F56177B8016949DA2C6 /* RootTabView.swift in Sources */ = {isa = PBXBuildFile; fileRef = 0E62E1AB9621E26837315559 /* RootTabView.swift */; };
		8F0C271BA61342672BB08AF3 /* PushNotificationManager.swift in Sources */ = {isa = PBXBuildFile; fileRef = 54627BC3FF0C2B627F7E9D8B /* PushNotificationManager.swift */; };
		A260AAD49C3DC621DAB28FBF /* HomeView.swift in Sources */ = {isa = PBXBuildFile; fileRef = 5A659F3622D8C9A9C448F582 /* HomeView.swift */; };
		EEA12735F082E2CC54C7B4F0 /* EarningsView.swift in Sources */ = {isa = PBXBuildFile; fileRef = 125590A634C7CB2F1390755A /* EarningsView.swift */; };
		F5B1419706DA28BA5C504DB1 /* Job.swift in Sources */ = {isa = PBXBuildFile; fileRef = FDEE0685875FF28B9B991034 /* Job.swift */; };
/* End PBXBuildFile section */

/* Begin PBXFileReference section */
		05297597F712CB7BEE4FF1C8 /* CreateJobModel.swift */ = {isa = PBXFileReference; lastKnownFileType = sourcecode.swift; path = CreateJobModel.swift; sourceTree = "<group>"; };
		95A5244168E4FC5058C3BBA1 /* PosterPhotosSection.swift */ = {isa = PBXFileReference; lastKnownFileType = sourcecode.swift; path = PosterPhotosSection.swift; sourceTree = "<group>"; };
		4805EAEE9903AC7D17E8FDD4 /* LocationPicker.swift */ = {isa = PBXFileReference; lastKnownFileType = sourcecode.swift; path = LocationPicker.swift; sourceTree = "<group>"; };
		4783ACB060970A5B505D6199 /* ChecklistEditorView.swift */ = {isa = PBXFileReference; lastKnownFileType = sourcecode.swift; path = ChecklistEditorView.swift; sourceTree = "<group>"; };
		AD38F35E607E5093A6D4C438 /* SampleJobs.swift */ = {isa = PBXFileReference; lastKnownFileType = sourcecode.swift; path = SampleJobs.swift; sourceTree = "<group>"; };
		0F4ADCBB41B9946AE3F7F551 /* PosterStore.swift */ = {isa = PBXFileReference; lastKnownFileType = sourcecode.swift; path = PosterStore.swift; sourceTree = "<group>"; };
		76C6D14E7D79D8127FB062C0 /* PostedJobsView.swift */ = {isa = PBXFileReference; lastKnownFileType = sourcecode.swift; path = PostedJobsView.swift; sourceTree = "<group>"; };
		32A61407080B9EB3F9BC18CC /* JobsAPI.swift */ = {isa = PBXFileReference; lastKnownFileType = sourcecode.swift; path = JobsAPI.swift; sourceTree = "<group>"; };
		01DFBB7F8CE71FBE569E3165 /* MockJobsAPI.swift */ = {isa = PBXFileReference; lastKnownFileType = sourcecode.swift; path = MockJobsAPI.swift; sourceTree = "<group>"; };
		00653F176E5F56A7F9330976 /* Assets.xcassets */ = {isa = PBXFileReference; lastKnownFileType = folder.assetcatalog; path = Assets.xcassets; sourceTree = "<group>"; };
		0CC90A7ACD84995DB726CAAA /* JobsView.swift */ = {isa = PBXFileReference; lastKnownFileType = sourcecode.swift; path = JobsView.swift; sourceTree = "<group>"; };
		0E62E1AB9621E26837315559 /* RootTabView.swift */ = {isa = PBXFileReference; lastKnownFileType = sourcecode.swift; path = RootTabView.swift; sourceTree = "<group>"; };
		125590A634C7CB2F1390755A /* EarningsView.swift */ = {isa = PBXFileReference; lastKnownFileType = sourcecode.swift; path = EarningsView.swift; sourceTree = "<group>"; };
		1406EF46384922539D8BA3BC /* OnboardingView.swift */ = {isa = PBXFileReference; lastKnownFileType = sourcecode.swift; path = OnboardingView.swift; sourceTree = "<group>"; };
		35CE03AB2F0785B5586A1119 /* BountyTheme.swift */ = {isa = PBXFileReference; lastKnownFileType = sourcecode.swift; path = BountyTheme.swift; sourceTree = "<group>"; };
		54627BC3FF0C2B627F7E9D8B /* PushNotificationManager.swift */ = {isa = PBXFileReference; lastKnownFileType = sourcecode.swift; path = PushNotificationManager.swift; sourceTree = "<group>"; };
		5A659F3622D8C9A9C448F582 /* HomeView.swift */ = {isa = PBXFileReference; lastKnownFileType = sourcecode.swift; path = HomeView.swift; sourceTree = "<group>"; };
		639DA50C5ED17C063F385A8F /* TwinView.swift */ = {isa = PBXFileReference; lastKnownFileType = sourcecode.swift; path = TwinView.swift; sourceTree = "<group>"; };
		7F611717A4A9F0276C3E9675 /* CreateJobView.swift */ = {isa = PBXFileReference; lastKnownFileType = sourcecode.swift; path = CreateJobView.swift; sourceTree = "<group>"; };
		97B75E78AC19B705475CC363 /* BountyApp.swift */ = {isa = PBXFileReference; lastKnownFileType = sourcecode.swift; path = BountyApp.swift; sourceTree = "<group>"; };
		B67D53F052CE5224398EF8F6 /* Bounty.entitlements */ = {isa = PBXFileReference; lastKnownFileType = text.plist.entitlements; path = Bounty.entitlements; sourceTree = "<group>"; };
		EF3E583821FF7F355811EAC9 /* Bounty.app */ = {isa = PBXFileReference; includeInIndex = 0; lastKnownFileType = wrapper.application; path = Bounty.app; sourceTree = BUILT_PRODUCTS_DIR; };
		FDEE0685875FF28B9B991034 /* Job.swift */ = {isa = PBXFileReference; lastKnownFileType = sourcecode.swift; path = Job.swift; sourceTree = "<group>"; };
/* End PBXFileReference section */

/* Begin PBXGroup section */
		F74F6C4C542EDFF87ABED8F6 /* Services */ = {
			isa = PBXGroup;
			children = (
				32A61407080B9EB3F9BC18CC /* JobsAPI.swift */,
				01DFBB7F8CE71FBE569E3165 /* MockJobsAPI.swift */,
			);
			path = Services;
			sourceTree = "<group>";
		};
		0A402854BB9C2234CA090DE6 /* Twin */ = {
			isa = PBXGroup;
			children = (
				639DA50C5ED17C063F385A8F /* TwinView.swift */,
			);
			path = Twin;
			sourceTree = "<group>";
		};
		0ACAEBBA700E99E7E07D0A61 /* App */ = {
			isa = PBXGroup;
			children = (
				97B75E78AC19B705475CC363 /* BountyApp.swift */,
				54627BC3FF0C2B627F7E9D8B /* PushNotificationManager.swift */,
				0E62E1AB9621E26837315559 /* RootTabView.swift */,
			);
			path = App;
			sourceTree = "<group>";
		};
		14CAADA9C42464F5656FD4C9 /* Products */ = {
			isa = PBXGroup;
			children = (
				EF3E583821FF7F355811EAC9 /* Bounty.app */,
			);
			name = Products;
			sourceTree = "<group>";
		};
		31D185DA9D3C2251ADBCED05 /* Bounty */ = {
			isa = PBXGroup;
			children = (
				B67D53F052CE5224398EF8F6 /* Bounty.entitlements */,
				0ACAEBBA700E99E7E07D0A61 /* App */,
				7235CD2904B243EEAF06B4A9 /* Design */,
				4FB8CB37CE0CB59DA1DD6786 /* Features */,
				C641E77F3707AFA884A49491 /* Models */,
				F74F6C4C542EDFF87ABED8F6 /* Services */,
				8382A70192A562C64ED9AFA4 /* Resources */,
			);
			path = Bounty;
			sourceTree = "<group>";
		};
		4FB8CB37CE0CB59DA1DD6786 /* Features */ = {
			isa = PBXGroup;
			children = (
				87353BBFCE883984368AAEF3 /* Earnings */,
				8DCB9BF0F2F5DC47728B63E3 /* Home */,
				6A1FEA9FB35AF085D854E2F8 /* Jobs */,
				7F77BC463CD3211AB38051C5 /* Onboarding */,
				B1412E7AEF0697DD3B63290D /* Post */,
				0A402854BB9C2234CA090DE6 /* Twin */,
			);
			path = Features;
			sourceTree = "<group>";
		};
		6390ED63261F50D839F4A443 = {
			isa = PBXGroup;
			children = (
				31D185DA9D3C2251ADBCED05 /* Bounty */,
				14CAADA9C42464F5656FD4C9 /* Products */,
			);
			sourceTree = "<group>";
		};
		6A1FEA9FB35AF085D854E2F8 /* Jobs */ = {
			isa = PBXGroup;
			children = (
				0CC90A7ACD84995DB726CAAA /* JobsView.swift */,
			);
			path = Jobs;
			sourceTree = "<group>";
		};
		7235CD2904B243EEAF06B4A9 /* Design */ = {
			isa = PBXGroup;
			children = (
				35CE03AB2F0785B5586A1119 /* BountyTheme.swift */,
			);
			path = Design;
			sourceTree = "<group>";
		};
		7F77BC463CD3211AB38051C5 /* Onboarding */ = {
			isa = PBXGroup;
			children = (
				1406EF46384922539D8BA3BC /* OnboardingView.swift */,
			);
			path = Onboarding;
			sourceTree = "<group>";
		};
		8382A70192A562C64ED9AFA4 /* Resources */ = {
			isa = PBXGroup;
			children = (
				00653F176E5F56A7F9330976 /* Assets.xcassets */,
			);
			path = Resources;
			sourceTree = "<group>";
		};
		87353BBFCE883984368AAEF3 /* Earnings */ = {
			isa = PBXGroup;
			children = (
				125590A634C7CB2F1390755A /* EarningsView.swift */,
			);
			path = Earnings;
			sourceTree = "<group>";
		};
		8DCB9BF0F2F5DC47728B63E3 /* Home */ = {
			isa = PBXGroup;
			children = (
				5A659F3622D8C9A9C448F582 /* HomeView.swift */,
			);
			path = Home;
			sourceTree = "<group>";
		};
		B1412E7AEF0697DD3B63290D /* Post */ = {
			isa = PBXGroup;
			children = (
				05297597F712CB7BEE4FF1C8 /* CreateJobModel.swift */,
				95A5244168E4FC5058C3BBA1 /* PosterPhotosSection.swift */,
				4805EAEE9903AC7D17E8FDD4 /* LocationPicker.swift */,
				4783ACB060970A5B505D6199 /* ChecklistEditorView.swift */,
				0F4ADCBB41B9946AE3F7F551 /* PosterStore.swift */,
				76C6D14E7D79D8127FB062C0 /* PostedJobsView.swift */,
				7F611717A4A9F0276C3E9675 /* CreateJobView.swift */,
			);
			path = Post;
			sourceTree = "<group>";
		};
		C641E77F3707AFA884A49491 /* Models */ = {
			isa = PBXGroup;
			children = (
				AD38F35E607E5093A6D4C438 /* SampleJobs.swift */,
				FDEE0685875FF28B9B991034 /* Job.swift */,
			);
			path = Models;
			sourceTree = "<group>";
		};
/* End PBXGroup section */

/* Begin PBXNativeTarget section */
		4E1E8CB3C8969962F03504E6 /* Bounty */ = {
			isa = PBXNativeTarget;
			buildConfigurationList = 6AE01037BF3CC444E4699D3B /* Build configuration list for PBXNativeTarget "Bounty" */;
			buildPhases = (
				C993DA9255A88FA5CB5ED6E9 /* Sources */,
				D16124D811F63A0A9DAB6D93 /* Resources */,
			);
			buildRules = (
			);
			dependencies = (
			);
			name = Bounty;
			packageProductDependencies = (
			);
			productName = Bounty;
			productReference = EF3E583821FF7F355811EAC9 /* Bounty.app */;
			productType = "com.apple.product-type.application";
		};
/* End PBXNativeTarget section */

/* Begin PBXProject section */
		209C86035F696DCD6A8B3A57 /* Project object */ = {
			isa = PBXProject;
			attributes = {
				BuildIndependentTargetsInParallel = YES;
				LastUpgradeCheck = 1430;
				TargetAttributes = {
					4E1E8CB3C8969962F03504E6 = {
						DevelopmentTeam = DVX8YZ9GG9;
						ProvisioningStyle = Automatic;
					};
				};
			};
			buildConfigurationList = A8A1A28B7C4E5735EB761692 /* Build configuration list for PBXProject "Bounty" */;
			compatibilityVersion = "Xcode 14.0";
			developmentRegion = en;
			hasScannedForEncodings = 0;
			knownRegions = (
				Base,
				en,
			);
			mainGroup = 6390ED63261F50D839F4A443;
			minimizedProjectReferenceProxies = 1;
			preferredProjectObjectVersion = 54;
			projectDirPath = "";
			projectRoot = "";
			targets = (
				4E1E8CB3C8969962F03504E6 /* Bounty */,
			);
		};
/* End PBXProject section */

/* Begin PBXResourcesBuildPhase section */
		D16124D811F63A0A9DAB6D93 /* Resources */ = {
			isa = PBXResourcesBuildPhase;
			buildActionMask = 2147483647;
			files = (
				1506E89A595E9BD62C89C674 /* Assets.xcassets in Resources */,
			);
			runOnlyForDeploymentPostprocessing = 0;
		};
/* End PBXResourcesBuildPhase section */

/* Begin PBXSourcesBuildPhase section */
		C993DA9255A88FA5CB5ED6E9 /* Sources */ = {
			isa = PBXSourcesBuildPhase;
			buildActionMask = 2147483647;
			files = (
				27A55C706B72D4F97913F92B /* BountyApp.swift in Sources */,
				34D8FC0D39B9BDA019E2486B /* BountyTheme.swift in Sources */,
				0BFBABD98AF3B1B0E44A71E2 /* CreateJobView.swift in Sources */,
				EEA12735F082E2CC54C7B4F0 /* EarningsView.swift in Sources */,
				A260AAD49C3DC621DAB28FBF /* HomeView.swift in Sources */,
				F5B1419706DA28BA5C504DB1 /* Job.swift in Sources */,
				6496312D65156F11D36D3958 /* CreateJobModel.swift in Sources */,
				58C1E1D173B5D147E17736DD /* PosterPhotosSection.swift in Sources */,
				FF9DE7BD6BC79FF45234F8A6 /* LocationPicker.swift in Sources */,
				553A806BF09C2244A67CA9A8 /* ChecklistEditorView.swift in Sources */,
				ED7DA4B1CBA016F24B3F11B9 /* SampleJobs.swift in Sources */,
				96690A12419AA94486A7471C /* PosterStore.swift in Sources */,
				70FE006A95B3F597CB44A7FF /* PostedJobsView.swift in Sources */,
				786CF57E83F66DD1532BDD54 /* JobsAPI.swift in Sources */,
				02D8456584A927FF92556474 /* MockJobsAPI.swift in Sources */,
				5B1B545EBF77BA68176EAC68 /* JobsView.swift in Sources */,
				495A213982B7EC87F9AE6604 /* OnboardingView.swift in Sources */,
				8F0C271BA61342672BB08AF3 /* PushNotificationManager.swift in Sources */,
				78AB2F56177B8016949DA2C6 /* RootTabView.swift in Sources */,
				691999A29A6A649083EE701E /* TwinView.swift in Sources */,
			);
			runOnlyForDeploymentPostprocessing = 0;
		};
/* End PBXSourcesBuildPhase section */

/* Begin XCBuildConfiguration section */
		342FE7AA4E463D44F67F96EB /* Debug */ = {
			isa = XCBuildConfiguration;
			buildSettings = {
				ALWAYS_SEARCH_USER_PATHS = NO;
				CODE_SIGN_STYLE = Automatic;
				CURRENT_PROJECT_VERSION = 1;
				DEVELOPMENT_TEAM = DVX8YZ9GG9;
				IPHONEOS_DEPLOYMENT_TARGET = 17.0;
				MARKETING_VERSION = 1.0;
				SDKROOT = iphoneos;
				SWIFT_VERSION = 6.0;
			};
			name = Debug;
		};
		5E850E3B6F5BC9E925470F90 /* Release */ = {
			isa = XCBuildConfiguration;
			buildSettings = {
				ASSETCATALOG_COMPILER_APPICON_NAME = AppIcon;
				ASSETCATALOG_COMPILER_GLOBAL_ACCENT_COLOR_NAME = AccentColor;
				CODE_SIGN_ENTITLEMENTS = Bounty/Bounty.entitlements;
				GENERATE_INFOPLIST_FILE = YES;
				INFOPLIST_KEY_CFBundleDisplayName = Bounty;
				INFOPLIST_KEY_LSApplicationCategoryType = "public.app-category.business";
				INFOPLIST_KEY_NSCalendarsFullAccessUsageDescription = "Bounty uses your calendar availability to avoid offering jobs when you are busy.";
				INFOPLIST_KEY_NSCameraUsageDescription = "Bounty uses the camera to capture proof that a job was completed.";
				INFOPLIST_KEY_NSLocationWhenInUseUsageDescription = "Bounty uses your location to match nearby jobs and verify on-site work.";
				INFOPLIST_KEY_UIApplicationSceneManifest_Generation = YES;
				INFOPLIST_KEY_UIApplicationSupportsIndirectInputEvents = YES;
				INFOPLIST_KEY_UILaunchScreen_Generation = YES;
				PRODUCT_BUNDLE_IDENTIFIER = com.alanroybal.BountyTwin;
				PRODUCT_NAME = Bounty;
				TARGETED_DEVICE_FAMILY = 1;
			};
			name = Release;
		};
		8F2383395277C5B2EA3E06E5 /* Release */ = {
			isa = XCBuildConfiguration;
			buildSettings = {
				ALWAYS_SEARCH_USER_PATHS = NO;
				CODE_SIGN_STYLE = Automatic;
				CURRENT_PROJECT_VERSION = 1;
				DEVELOPMENT_TEAM = DVX8YZ9GG9;
				IPHONEOS_DEPLOYMENT_TARGET = 17.0;
				MARKETING_VERSION = 1.0;
				SDKROOT = iphoneos;
				SWIFT_VERSION = 6.0;
			};
			name = Release;
		};
		D94DD693020319A705ACC3B7 /* Debug */ = {
			isa = XCBuildConfiguration;
			buildSettings = {
				ASSETCATALOG_COMPILER_APPICON_NAME = AppIcon;
				ASSETCATALOG_COMPILER_GLOBAL_ACCENT_COLOR_NAME = AccentColor;
				CODE_SIGN_ENTITLEMENTS = Bounty/Bounty.entitlements;
				GENERATE_INFOPLIST_FILE = YES;
				INFOPLIST_KEY_CFBundleDisplayName = Bounty;
				INFOPLIST_KEY_LSApplicationCategoryType = "public.app-category.business";
				INFOPLIST_KEY_NSCalendarsFullAccessUsageDescription = "Bounty uses your calendar availability to avoid offering jobs when you are busy.";
				INFOPLIST_KEY_NSCameraUsageDescription = "Bounty uses the camera to capture proof that a job was completed.";
				INFOPLIST_KEY_NSLocationWhenInUseUsageDescription = "Bounty uses your location to match nearby jobs and verify on-site work.";
				INFOPLIST_KEY_UIApplicationSceneManifest_Generation = YES;
				INFOPLIST_KEY_UIApplicationSupportsIndirectInputEvents = YES;
				INFOPLIST_KEY_UILaunchScreen_Generation = YES;
				PRODUCT_BUNDLE_IDENTIFIER = com.alanroybal.BountyTwin;
				PRODUCT_NAME = Bounty;
				TARGETED_DEVICE_FAMILY = 1;
			};
			name = Debug;
		};
/* End XCBuildConfiguration section */

/* Begin XCConfigurationList section */
		6AE01037BF3CC444E4699D3B /* Build configuration list for PBXNativeTarget "Bounty" */ = {
			isa = XCConfigurationList;
			buildConfigurations = (
				D94DD693020319A705ACC3B7 /* Debug */,
				5E850E3B6F5BC9E925470F90 /* Release */,
			);
			defaultConfigurationIsVisible = 0;
			defaultConfigurationName = Debug;
		};
		A8A1A28B7C4E5735EB761692 /* Build configuration list for PBXProject "Bounty" */ = {
			isa = XCConfigurationList;
			buildConfigurations = (
				342FE7AA4E463D44F67F96EB /* Debug */,
				8F2383395277C5B2EA3E06E5 /* Release */,
			);
			defaultConfigurationIsVisible = 0;
			defaultConfigurationName = Debug;
		};
/* End XCConfigurationList section */
	};
	rootObject = 209C86035F696DCD6A8B3A57 /* Project object */;
}
